// !$*UTF8*$!
{
	archiveVersion = 1;
	classes = {
	};
	objectVersion = 48;
	objects = {

/* Begin PBXBuildFile section */
		642189762055751100BA2FEB /* TabManager.swift in Sources */ = {isa = PBXBuildFile; fileRef = 642189752055751100BA2FEB /* TabManager.swift */; };
		64218979205586D600BA2FEB /* org.html in Resources */ = {isa = PBXBuildFile; fileRef = 64218978205586D600BA2FEB /* org.html */; };
		642189862055963200BA2FEB /* org.js in Resources */ = {isa = PBXBuildFile; fileRef = 642189852055963200BA2FEB /* org.js */; };
		642189882055964900BA2FEB /* marked.min.js in Resources */ = {isa = PBXBuildFile; fileRef = 642189872055964900BA2FEB /* marked.min.js */; };
		6421898A2055965100BA2FEB /* github-markdown.css in Resources */ = {isa = PBXBuildFile; fileRef = 642189892055965100BA2FEB /* github-markdown.css */; };
		642F702B2055A20D0082F943 /* md.html in Resources */ = {isa = PBXBuildFile; fileRef = 642F702A2055A20D0082F943 /* md.html */; };
		642F702D2055A7550082F943 /* org-tweak.css in Resources */ = {isa = PBXBuildFile; fileRef = 642F702C2055A7550082F943 /* org-tweak.css */; };
		6487422D2052D4A2005838CA /* AppDelegate.swift in Sources */ = {isa = PBXBuildFile; fileRef = 6487422C2052D4A2005838CA /* AppDelegate.swift */; };
		6487422F2052D4A2005838CA /* ViewController.swift in Sources */ = {isa = PBXBuildFile; fileRef = 6487422E2052D4A2005838CA /* ViewController.swift */; };
		648742322052D4A2005838CA /* Main.storyboard in Resources */ = {isa = PBXBuildFile; fileRef = 648742302052D4A2005838CA /* Main.storyboard */; };
		648742352052D4A2005838CA /* Note.xcdatamodeld in Sources */ = {isa = PBXBuildFile; fileRef = 648742332052D4A2005838CA /* Note.xcdatamodeld */; };
		648742372052D4A2005838CA /* Assets.xcassets in Resources */ = {isa = PBXBuildFile; fileRef = 648742362052D4A2005838CA /* Assets.xcassets */; };
		6487423A2052D4A2005838CA /* LaunchScreen.storyboard in Resources */ = {isa = PBXBuildFile; fileRef = 648742382052D4A2005838CA /* LaunchScreen.storyboard */; };
		648742452052D4A2005838CA /* NoteTests.swift in Sources */ = {isa = PBXBuildFile; fileRef = 648742442052D4A2005838CA /* NoteTests.swift */; };
		648742522052DDE9005838CA /* SwiftyDropbox.framework in Frameworks */ = {isa = PBXBuildFile; fileRef = 648742502052DDE9005838CA /* SwiftyDropbox.framework */; };
		648742532052DDE9005838CA /* Alamofire.framework in Frameworks */ = {isa = PBXBuildFile; fileRef = 648742512052DDE9005838CA /* Alamofire.framework */; };
		648742562053CCFB005838CA /* ListViewController.swift in Sources */ = {isa = PBXBuildFile; fileRef = 648742552053CCFB005838CA /* ListViewController.swift */; };
		648742582053D275005838CA /* DropboxCache.swift in Sources */ = {isa = PBXBuildFile; fileRef = 648742572053D275005838CA /* DropboxCache.swift */; };
		6487425A2054111A005838CA /* FileTableViewCell.swift in Sources */ = {isa = PBXBuildFile; fileRef = 648742592054111A005838CA /* FileTableViewCell.swift */; };
		6487425C205443BF005838CA /* FolderTableViewCell.swift in Sources */ = {isa = PBXBuildFile; fileRef = 6487425B205443BF005838CA /* FolderTableViewCell.swift */; };
		6487425E20545E91005838CA /* FileDetailViewController.swift in Sources */ = {isa = PBXBuildFile; fileRef = 6487425D20545E90005838CA /* FileDetailViewController.swift */; };
		648742602055619C005838CA /* UITabBarViewController.swift in Sources */ = {isa = PBXBuildFile; fileRef = 6487425F2055619C005838CA /* UITabBarViewController.swift */; };
		64A7DB042056BED800EE14F5 /* FileEditViewController.swift in Sources */ = {isa = PBXBuildFile; fileRef = 64A7DB032056BED800EE14F5 /* FileEditViewController.swift */; };
		64F0DA00206017370061FC5A /* Either.swift in Sources */ = {isa = PBXBuildFile; fileRef = 64F0D9FF206017370061FC5A /* Either.swift */; };
/* End PBXBuildFile section */

/* Begin PBXContainerItemProxy section */
		648742412052D4A2005838CA /* PBXContainerItemProxy */ = {
			isa = PBXContainerItemProxy;
			containerPortal = 648742212052D4A1005838CA /* Project object */;
			proxyType = 1;
			remoteGlobalIDString = 648742282052D4A1005838CA;
			remoteInfo = Note;
		};
/* End PBXContainerItemProxy section */

/* Begin PBXFileReference section */
		642189752055751100BA2FEB /* TabManager.swift */ = {isa = PBXFileReference; lastKnownFileType = sourcecode.swift; path = TabManager.swift; sourceTree = "<group>"; };
		64218978205586D600BA2FEB /* org.html */ = {isa = PBXFileReference; lastKnownFileType = text.html; path = org.html; sourceTree = "<group>"; };
		642189852055963200BA2FEB /* org.js */ = {isa = PBXFileReference; fileEncoding = 4; lastKnownFileType = sourcecode.javascript; name = org.js; path = ../../../../Downloads/org.js; sourceTree = "<group>"; };
		642189872055964900BA2FEB /* marked.min.js */ = {isa = PBXFileReference; fileEncoding = 4; lastKnownFileType = sourcecode.javascript; path = marked.min.js; sourceTree = "<group>"; };
		642189892055965100BA2FEB /* github-markdown.css */ = {isa = PBXFileReference; fileEncoding = 4; lastKnownFileType = text.css; name = "github-markdown.css"; path = "../../../../Downloads/github-markdown.css"; sourceTree = "<group>"; };
		642F702A2055A20D0082F943 /* md.html */ = {isa = PBXFileReference; fileEncoding = 4; lastKnownFileType = text.html; path = md.html; sourceTree = "<group>"; };
		642F702C2055A7550082F943 /* org-tweak.css */ = {isa = PBXFileReference; lastKnownFileType = text.css; path = "org-tweak.css"; sourceTree = "<group>"; };
		648742292052D4A2005838CA /* Note.app */ = {isa = PBXFileReference; explicitFileType = wrapper.application; includeInIndex = 0; path = Note.app; sourceTree = BUILT_PRODUCTS_DIR; };
		6487422C2052D4A2005838CA /* AppDelegate.swift */ = {isa = PBXFileReference; lastKnownFileType = sourcecode.swift; path = AppDelegate.swift; sourceTree = "<group>"; };
		6487422E2052D4A2005838CA /* ViewController.swift */ = {isa = PBXFileReference; lastKnownFileType = sourcecode.swift; path = ViewController.swift; sourceTree = "<group>"; };
		648742312052D4A2005838CA /* Base */ = {isa = PBXFileReference; lastKnownFileType = file.storyboard; name = Base; path = Base.lproj/Main.storyboard; sourceTree = "<group>"; };
		648742342052D4A2005838CA /* Note.xcdatamodel */ = {isa = PBXFileReference; lastKnownFileType = wrapper.xcdatamodel; path = Note.xcdatamodel; sourceTree = "<group>"; };
		648742362052D4A2005838CA /* Assets.xcassets */ = {isa = PBXFileReference; lastKnownFileType = folder.assetcatalog; path = Assets.xcassets; sourceTree = "<group>"; };
		648742392052D4A2005838CA /* Base */ = {isa = PBXFileReference; lastKnownFileType = file.storyboard; name = Base; path = Base.lproj/LaunchScreen.storyboard; sourceTree = "<group>"; };
		6487423B2052D4A2005838CA /* Info.plist */ = {isa = PBXFileReference; lastKnownFileType = text.plist.xml; path = Info.plist; sourceTree = "<group>"; };
		648742402052D4A2005838CA /* NoteTests.xctest */ = {isa = PBXFileReference; explicitFileType = wrapper.cfbundle; includeInIndex = 0; path = NoteTests.xctest; sourceTree = BUILT_PRODUCTS_DIR; };
		648742442052D4A2005838CA /* NoteTests.swift */ = {isa = PBXFileReference; lastKnownFileType = sourcecode.swift; path = NoteTests.swift; sourceTree = "<group>"; };
		648742462052D4A2005838CA /* Info.plist */ = {isa = PBXFileReference; lastKnownFileType = text.plist.xml; path = Info.plist; sourceTree = "<group>"; };
		648742502052DDE9005838CA /* SwiftyDropbox.framework */ = {isa = PBXFileReference; lastKnownFileType = wrapper.framework; name = SwiftyDropbox.framework; path = Carthage/Build/iOS/SwiftyDropbox.framework; sourceTree = "<group>"; };
		648742512052DDE9005838CA /* Alamofire.framework */ = {isa = PBXFileReference; lastKnownFileType = wrapper.framework; name = Alamofire.framework; path = Carthage/Build/iOS/Alamofire.framework; sourceTree = "<group>"; };
		648742552053CCFB005838CA /* ListViewController.swift */ = {isa = PBXFileReference; lastKnownFileType = sourcecode.swift; path = ListViewController.swift; sourceTree = "<group>"; };
		648742572053D275005838CA /* DropboxCache.swift */ = {isa = PBXFileReference; lastKnownFileType = sourcecode.swift; path = DropboxCache.swift; sourceTree = "<group>"; };
		648742592054111A005838CA /* FileTableViewCell.swift */ = {isa = PBXFileReference; lastKnownFileType = sourcecode.swift; path = FileTableViewCell.swift; sourceTree = "<group>"; };
		6487425B205443BF005838CA /* FolderTableViewCell.swift */ = {isa = PBXFileReference; lastKnownFileType = sourcecode.swift; path = FolderTableViewCell.swift; sourceTree = "<group>"; };
		6487425D20545E90005838CA /* FileDetailViewController.swift */ = {isa = PBXFileReference; lastKnownFileType = sourcecode.swift; path = FileDetailViewController.swift; sourceTree = "<group>"; };
		6487425F2055619C005838CA /* UITabBarViewController.swift */ = {isa = PBXFileReference; lastKnownFileType = sourcecode.swift; path = UITabBarViewController.swift; sourceTree = "<group>"; };
		64A7DB032056BED800EE14F5 /* FileEditViewController.swift */ = {isa = PBXFileReference; lastKnownFileType = sourcecode.swift; path = FileEditViewController.swift; sourceTree = "<group>"; };
		64F0D9FF206017370061FC5A /* Either.swift */ = {isa = PBXFileReference; lastKnownFileType = sourcecode.swift; path = Either.swift; sourceTree = "<group>"; };
/* End PBXFileReference section */

/* Begin PBXFrameworksBuildPhase section */
		648742262052D4A1005838CA /* Frameworks */ = {
			isa = PBXFrameworksBuildPhase;
			buildActionMask = 2147483647;
			files = (
				648742522052DDE9005838CA /* SwiftyDropbox.framework in Frameworks */,
				648742532052DDE9005838CA /* Alamofire.framework in Frameworks */,
			);
			runOnlyForDeploymentPostprocessing = 0;
		};
		6487423D2052D4A2005838CA /* Frameworks */ = {
			isa = PBXFrameworksBuildPhase;
			buildActionMask = 2147483647;
			files = (
			);
			runOnlyForDeploymentPostprocessing = 0;
		};
/* End PBXFrameworksBuildPhase section */

/* Begin PBXGroup section */
		64218977205586AA00BA2FEB /* WebView */ = {
			isa = PBXGroup;
			children = (
				642189852055963200BA2FEB /* org.js */,
				642189892055965100BA2FEB /* github-markdown.css */,
				642189872055964900BA2FEB /* marked.min.js */,
				642F702A2055A20D0082F943 /* md.html */,
				64218978205586D600BA2FEB /* org.html */,
				642F702C2055A7550082F943 /* org-tweak.css */,
			);
			path = WebView;
			sourceTree = "<group>";
		};
		648742202052D4A1005838CA = {
			isa = PBXGroup;
			children = (
				6487422B2052D4A2005838CA /* Note */,
				648742432052D4A2005838CA /* NoteTests */,
				6487422A2052D4A2005838CA /* Products */,
				6487424F2052DDE8005838CA /* Frameworks */,
			);
			sourceTree = "<group>";
		};
		6487422A2052D4A2005838CA /* Products */ = {
			isa = PBXGroup;
			children = (
				648742292052D4A2005838CA /* Note.app */,
				648742402052D4A2005838CA /* NoteTests.xctest */,
			);
			name = Products;
			sourceTree = "<group>";
		};
		6487422B2052D4A2005838CA /* Note */ = {
			isa = PBXGroup;
			children = (
				64218977205586AA00BA2FEB /* WebView */,
				642189752055751100BA2FEB /* TabManager.swift */,
				6487425F2055619C005838CA /* UITabBarViewController.swift */,
				648742592054111A005838CA /* FileTableViewCell.swift */,
				6487425B205443BF005838CA /* FolderTableViewCell.swift */,
				6487422C2052D4A2005838CA /* AppDelegate.swift */,
				6487422E2052D4A2005838CA /* ViewController.swift */,
				648742552053CCFB005838CA /* ListViewController.swift */,
				64F0D9FF206017370061FC5A /* Either.swift */,
				648742572053D275005838CA /* DropboxCache.swift */,
				648742302052D4A2005838CA /* Main.storyboard */,
				64A7DB032056BED800EE14F5 /* FileEditViewController.swift */,
				6487425D20545E90005838CA /* FileDetailViewController.swift */,
				648742362052D4A2005838CA /* Assets.xcassets */,
				648742382052D4A2005838CA /* LaunchScreen.storyboard */,
				6487423B2052D4A2005838CA /* Info.plist */,
				648742332052D4A2005838CA /* Note.xcdatamodeld */,
			);
			path = Note;
			sourceTree = "<group>";
		};
		648742432052D4A2005838CA /* NoteTests */ = {
			isa = PBXGroup;
			children = (
				648742442052D4A2005838CA /* NoteTests.swift */,
				648742462052D4A2005838CA /* Info.plist */,
			);
			path = NoteTests;
			sourceTree = "<group>";
		};
		6487424F2052DDE8005838CA /* Frameworks */ = {
			isa = PBXGroup;
			children = (
				648742512052DDE9005838CA /* Alamofire.framework */,
				648742502052DDE9005838CA /* SwiftyDropbox.framework */,
			);
			name = Frameworks;
			sourceTree = "<group>";
		};
/* End PBXGroup section */

/* Begin PBXNativeTarget section */
		648742282052D4A1005838CA /* Note */ = {
			isa = PBXNativeTarget;
			buildConfigurationList = 648742492052D4A2005838CA /* Build configuration list for PBXNativeTarget "Note" */;
			buildPhases = (
				648742252052D4A1005838CA /* Sources */,
				648742262052D4A1005838CA /* Frameworks */,
				648742272052D4A1005838CA /* Resources */,
				648742542052DE16005838CA /* ShellScript */,
			);
			buildRules = (
			);
			dependencies = (
			);
			name = Note;
			productName = Note;
			productReference = 648742292052D4A2005838CA /* Note.app */;
			productType = "com.apple.product-type.application";
		};
		6487423F2052D4A2005838CA /* NoteTests */ = {
			isa = PBXNativeTarget;
			buildConfigurationList = 6487424C2052D4A2005838CA /* Build configuration list for PBXNativeTarget "NoteTests" */;
			buildPhases = (
				6487423C2052D4A2005838CA /* Sources */,
				6487423D2052D4A2005838CA /* Frameworks */,
				6487423E2052D4A2005838CA /* Resources */,
			);
			buildRules = (
			);
			dependencies = (
				648742422052D4A2005838CA /* PBXTargetDependency */,
			);
			name = NoteTests;
			productName = NoteTests;
			productReference = 648742402052D4A2005838CA /* NoteTests.xctest */;
			productType = "com.apple.product-type.bundle.unit-test";
		};
/* End PBXNativeTarget section */

/* Begin PBXProject section */
		648742212052D4A1005838CA /* Project object */ = {
			isa = PBXProject;
			attributes = {
				LastSwiftUpdateCheck = 0920;
				LastUpgradeCheck = 0920;
				ORGANIZATIONNAME = "南優也";
				TargetAttributes = {
					648742282052D4A1005838CA = {
						CreatedOnToolsVersion = 9.2;
						ProvisioningStyle = Automatic;
					};
					6487423F2052D4A2005838CA = {
						CreatedOnToolsVersion = 9.2;
						ProvisioningStyle = Automatic;
						TestTargetID = 648742282052D4A1005838CA;
					};
				};
			};
			buildConfigurationList = 648742242052D4A1005838CA /* Build configuration list for PBXProject "Note" */;
			compatibilityVersion = "Xcode 8.0";
			developmentRegion = en;
			hasScannedForEncodings = 0;
			knownRegions = (
				en,
				Base,
			);
			mainGroup = 648742202052D4A1005838CA;
			productRefGroup = 6487422A2052D4A2005838CA /* Products */;
			projectDirPath = "";
			projectRoot = "";
			targets = (
				648742282052D4A1005838CA /* Note */,
				6487423F2052D4A2005838CA /* NoteTests */,
			);
		};
/* End PBXProject section */

/* Begin PBXResourcesBuildPhase section */
		648742272052D4A1005838CA /* Resources */ = {
			isa = PBXResourcesBuildPhase;
			buildActionMask = 2147483647;
			files = (
				642189862055963200BA2FEB /* org.js in Resources */,
				6487423A2052D4A2005838CA /* LaunchScreen.storyboard in Resources */,
				642189882055964900BA2FEB /* marked.min.js in Resources */,
				642F702B2055A20D0082F943 /* md.html in Resources */,
				648742372052D4A2005838CA /* Assets.xcassets in Resources */,
				6421898A2055965100BA2FEB /* github-markdown.css in Resources */,
				642F702D2055A7550082F943 /* org-tweak.css in Resources */,
				648742322052D4A2005838CA /* Main.storyboard in Resources */,
				64218979205586D600BA2FEB /* org.html in Resources */,
			);
			runOnlyForDeploymentPostprocessing = 0;
		};
		6487423E2052D4A2005838CA /* Resources */ = {
			isa = PBXResourcesBuildPhase;
			buildActionMask = 2147483647;
			files = (
			);
			runOnlyForDeploymentPostprocessing = 0;
		};
/* End PBXResourcesBuildPhase section */

/* Begin PBXShellScriptBuildPhase section */
		648742542052DE16005838CA /* ShellScript */ = {
			isa = PBXShellScriptBuildPhase;
			buildActionMask = 2147483647;
			files = (
			);
			inputPaths = (
				"$(SRCROOT)/Carthage/Build/iOS/SwiftyDropbox.framework",
				"$(SRCROOT)/Carthage/Build/iOS/Alamofire.framework",
			);
			outputPaths = (
				"$(BUILT_PRODUCTS_DIR)/$(FRAMEWORKS_FOLDER_PATH)/SwiftyDropbox.framework",
				"$(BUILT_PRODUCTS_DIR)/$(FRAMEWORKS_FOLDER_PATH)/Alamofire.framework",
			);
			runOnlyForDeploymentPostprocessing = 0;
			shellPath = /bin/sh;
			shellScript = "/usr/local/bin/carthage copy-frameworks";
		};
/* End PBXShellScriptBuildPhase section */

/* Begin PBXSourcesBuildPhase section */
		648742252052D4A1005838CA /* Sources */ = {
			isa = PBXSourcesBuildPhase;
			buildActionMask = 2147483647;
			files = (
				648742352052D4A2005838CA /* Note.xcdatamodeld in Sources */,
				6487425A2054111A005838CA /* FileTableViewCell.swift in Sources */,
				6487422F2052D4A2005838CA /* ViewController.swift in Sources */,
				648742602055619C005838CA /* UITabBarViewController.swift in Sources */,
				64F0DA00206017370061FC5A /* Either.swift in Sources */,
				6487425E20545E91005838CA /* FileDetailViewController.swift in Sources */,
				64A7DB042056BED800EE14F5 /* FileEditViewController.swift in Sources */,
				642189762055751100BA2FEB /* TabManager.swift in Sources */,
				648742582053D275005838CA /* DropboxCache.swift in Sources */,
				648742562053CCFB005838CA /* ListViewController.swift in Sources */,
				6487425C205443BF005838CA /* FolderTableViewCell.swift in Sources */,
				6487422D2052D4A2005838CA /* AppDelegate.swift in Sources */,
			);
			runOnlyForDeploymentPostprocessing = 0;
		};
		6487423C2052D4A2005838CA /* Sources */ = {
			isa = PBXSourcesBuildPhase;
			buildActionMask = 2147483647;
			files = (
				648742452052D4A2005838CA /* NoteTests.swift in Sources */,
			);
			runOnlyForDeploymentPostprocessing = 0;
		};
/* End PBXSourcesBuildPhase section */

/* Begin PBXTargetDependency section */
		648742422052D4A2005838CA /* PBXTargetDependency */ = {
			isa = PBXTargetDependency;
			target = 648742282052D4A1005838CA /* Note */;
			targetProxy = 648742412052D4A2005838CA /* PBXContainerItemProxy */;
		};
/* End PBXTargetDependency section */

/* Begin PBXVariantGroup section */
		648742302052D4A2005838CA /* Main.storyboard */ = {
			isa = PBXVariantGroup;
			children = (
				648742312052D4A2005838CA /* Base */,
			);
			name = Main.storyboard;
			sourceTree = "<group>";
		};
		648742382052D4A2005838CA /* LaunchScreen.storyboard */ = {
			isa = PBXVariantGroup;
			children = (
				648742392052D4A2005838CA /* Base */,
			);
			name = LaunchScreen.storyboard;
			sourceTree = "<group>";
		};
/* End PBXVariantGroup section */

/* Begin XCBuildConfiguration section */
		648742472052D4A2005838CA /* Debug */ = {
			isa = XCBuildConfiguration;
			buildSettings = {
				ALWAYS_SEARCH_USER_PATHS = NO;
				CLANG_ANALYZER_NONNULL = YES;
				CLANG_ANALYZER_NUMBER_OBJECT_CONVERSION = YES_AGGRESSIVE;
				CLANG_CXX_LANGUAGE_STANDARD = "gnu++14";
				CLANG_CXX_LIBRARY = "libc++";
				CLANG_ENABLE_MODULES = YES;
				CLANG_ENABLE_OBJC_ARC = YES;
				CLANG_WARN_BLOCK_CAPTURE_AUTORELEASING = YES;
				CLANG_WARN_BOOL_CONVERSION = YES;
				CLANG_WARN_COMMA = YES;
				CLANG_WARN_CONSTANT_CONVERSION = YES;
				CLANG_WARN_DIRECT_OBJC_ISA_USAGE = YES_ERROR;
				CLANG_WARN_DOCUMENTATION_COMMENTS = YES;
				CLANG_WARN_EMPTY_BODY = YES;
				CLANG_WARN_ENUM_CONVERSION = YES;
				CLANG_WARN_INFINITE_RECURSION = YES;
				CLANG_WARN_INT_CONVERSION = YES;
				CLANG_WARN_NON_LITERAL_NULL_CONVERSION = YES;
				CLANG_WARN_OBJC_LITERAL_CONVERSION = YES;
				CLANG_WARN_OBJC_ROOT_CLASS = YES_ERROR;
				CLANG_WARN_RANGE_LOOP_ANALYSIS = YES;
				CLANG_WARN_STRICT_PROTOTYPES = YES;
				CLANG_WARN_SUSPICIOUS_MOVE = YES;
				CLANG_WARN_UNGUARDED_AVAILABILITY = YES_AGGRESSIVE;
				CLANG_WARN_UNREACHABLE_CODE = YES;
				CLANG_WARN__DUPLICATE_METHOD_MATCH = YES;
				CODE_SIGN_IDENTITY = "iPhone Developer";
				COPY_PHASE_STRIP = NO;
				DEBUG_INFORMATION_FORMAT = dwarf;
				ENABLE_STRICT_OBJC_MSGSEND = YES;
				ENABLE_TESTABILITY = YES;
				GCC_C_LANGUAGE_STANDARD = gnu11;
				GCC_DYNAMIC_NO_PIC = NO;
				GCC_NO_COMMON_BLOCKS = YES;
				GCC_OPTIMIZATION_LEVEL = 0;
				GCC_PREPROCESSOR_DEFINITIONS = (
					"DEBUG=1",
					"$(inherited)",
				);
				GCC_WARN_64_TO_32_BIT_CONVERSION = YES;
				GCC_WARN_ABOUT_RETURN_TYPE = YES_ERROR;
				GCC_WARN_UNDECLARED_SELECTOR = YES;
				GCC_WARN_UNINITIALIZED_AUTOS = YES_AGGRESSIVE;
				GCC_WARN_UNUSED_FUNCTION = YES;
				GCC_WARN_UNUSED_VARIABLE = YES;
				IPHONEOS_DEPLOYMENT_TARGET = 11.2;
				MTL_ENABLE_DEBUG_INFO = YES;
				ONLY_ACTIVE_ARCH = YES;
				SDKROOT = iphoneos;
				SWIFT_ACTIVE_COMPILATION_CONDITIONS = DEBUG;
				SWIFT_OPTIMIZATION_LEVEL = "-Onone";
			};
			name = Debug;
		};
		648742482052D4A2005838CA /* Release */ = {
			isa = XCBuildConfiguration;
			buildSettings = {
				ALWAYS_SEARCH_USER_PATHS = NO;
				CLANG_ANALYZER_NONNULL = YES;
				CLANG_ANALYZER_NUMBER_OBJECT_CONVERSION = YES_AGGRESSIVE;
				CLANG_CXX_LANGUAGE_STANDARD = "gnu++14";
				CLANG_CXX_LIBRARY = "libc++";
				CLANG_ENABLE_MODULES = YES;
				CLANG_ENABLE_OBJC_ARC = YES;
				CLANG_WARN_BLOCK_CAPTURE_AUTORELEASING = YES;
				CLANG_WARN_BOOL_CONVERSION = YES;
				CLANG_WARN_COMMA = YES;
				CLANG_WARN_CONSTANT_CONVERSION = YES;
				CLANG_WARN_DIRECT_OBJC_ISA_USAGE = YES_ERROR;
				CLANG_WARN_DOCUMENTATION_COMMENTS = YES;
				CLANG_WARN_EMPTY_BODY = YES;
				CLANG_WARN_ENUM_CONVERSION = YES;
				CLANG_WARN_INFINITE_RECURSION = YES;
				CLANG_WARN_INT_CONVERSION = YES;
				CLANG_WARN_NON_LITERAL_NULL_CONVERSION = YES;
				CLANG_WARN_OBJC_LITERAL_CONVERSION = YES;
				CLANG_WARN_OBJC_ROOT_CLASS = YES_ERROR;
				CLANG_WARN_RANGE_LOOP_ANALYSIS = YES;
				CLANG_WARN_STRICT_PROTOTYPES = YES;
				CLANG_WARN_SUSPICIOUS_MOVE = YES;
				CLANG_WARN_UNGUARDED_AVAILABILITY = YES_AGGRESSIVE;
				CLANG_WARN_UNREACHABLE_CODE = YES;
				CLANG_WARN__DUPLICATE_METHOD_MATCH = YES;
				CODE_SIGN_IDENTITY = "iPhone Developer";
				COPY_PHASE_STRIP = NO;
				DEBUG_INFORMATION_FORMAT = "dwarf-with-dsym";
				ENABLE_NS_ASSERTIONS = NO;
				ENABLE_STRICT_OBJC_MSGSEND = YES;
				GCC_C_LANGUAGE_STANDARD = gnu11;
				GCC_NO_COMMON_BLOCKS = YES;
				GCC_WARN_64_TO_32_BIT_CONVERSION = YES;
				GCC_WARN_ABOUT_RETURN_TYPE = YES_ERROR;
				GCC_WARN_UNDECLARED_SELECTOR = YES;
				GCC_WARN_UNINITIALIZED_AUTOS = YES_AGGRESSIVE;
				GCC_WARN_UNUSED_FUNCTION = YES;
				GCC_WARN_UNUSED_VARIABLE = YES;
				IPHONEOS_DEPLOYMENT_TARGET = 11.2;
				MTL_ENABLE_DEBUG_INFO = NO;
				SDKROOT = iphoneos;
				SWIFT_OPTIMIZATION_LEVEL = "-Owholemodule";
				VALIDATE_PRODUCT = YES;
			};
			name = Release;
		};
		6487424A2052D4A2005838CA /* Debug */ = {
			isa = XCBuildConfiguration;
			buildSettings = {
				ASSETCATALOG_COMPILER_APPICON_NAME = AppIcon;
				CODE_SIGN_STYLE = Automatic;
				DEVELOPMENT_TEAM = C7E2H765FT;
				FRAMEWORK_SEARCH_PATHS = (
					"$(inherited)",
					"$(PROJECT_DIR)/Carthage/Build/iOS",
				);
				INFOPLIST_FILE = Note/Info.plist;
				LD_RUNPATH_SEARCH_PATHS = "$(inherited) @executable_path/Frameworks";
				PRODUCT_BUNDLE_IDENTIFIER = yuya373.Note;
				PRODUCT_NAME = "$(TARGET_NAME)";
				SWIFT_VERSION = 4.0;
				TARGETED_DEVICE_FAMILY = "1,2";
			};
			name = Debug;
		};
		6487424B2052D4A2005838CA /* Release */ = {
			isa = XCBuildConfiguration;
			buildSettings = {
				ASSETCATALOG_COMPILER_APPICON_NAME = AppIcon;
				CODE_SIGN_STYLE = Automatic;
				DEVELOPMENT_TEAM = C7E2H765FT;
				FRAMEWORK_SEARCH_PATHS = (
					"$(inherited)",
					"$(PROJECT_DIR)/Carthage/Build/iOS",
				);
				INFOPLIST_FILE = Note/Info.plist;
				LD_RUNPATH_SEARCH_PATHS = "$(inherited) @executable_path/Frameworks";
				PRODUCT_BUNDLE_IDENTIFIER = yuya373.Note;
				PRODUCT_NAME = "$(TARGET_NAME)";
				SWIFT_VERSION = 4.0;
				TARGETED_DEVICE_FAMILY = "1,2";
			};
			name = Release;
		};
		6487424D2052D4A2005838CA /* Debug */ = {
			isa = XCBuildConfiguration;
			buildSettings = {
				ALWAYS_EMBED_SWIFT_STANDARD_LIBRARIES = YES;
				BUNDLE_LOADER = "$(TEST_HOST)";
				CODE_SIGN_STYLE = Automatic;
				DEVELOPMENT_TEAM = C7E2H765FT;
				INFOPLIST_FILE = NoteTests/Info.plist;
				LD_RUNPATH_SEARCH_PATHS = "$(inherited) @executable_path/Frameworks @loader_path/Frameworks";
				PRODUCT_BUNDLE_IDENTIFIER = yuya373.NoteTests;
				PRODUCT_NAME = "$(TARGET_NAME)";
				SWIFT_VERSION = 4.0;
				TARGETED_DEVICE_FAMILY = "1,2";
				TEST_HOST = "$(BUILT_PRODUCTS_DIR)/Note.app/Note";
			};
			name = Debug;
		};
		6487424E2052D4A2005838CA /* Release */ = {
			isa = XCBuildConfiguration;
			buildSettings = {
				ALWAYS_EMBED_SWIFT_STANDARD_LIBRARIES = YES;
				BUNDLE_LOADER = "$(TEST_HOST)";
				CODE_SIGN_STYLE = Automatic;
				DEVELOPMENT_TEAM = C7E2H765FT;
				INFOPLIST_FILE = NoteTests/Info.plist;
				LD_RUNPATH_SEARCH_PATHS = "$(inherited) @executable_path/Frameworks @loader_path/Frameworks";
				PRODUCT_BUNDLE_IDENTIFIER = yuya373.NoteTests;
				PRODUCT_NAME = "$(TARGET_NAME)";
				SWIFT_VERSION = 4.0;
				TARGETED_DEVICE_FAMILY = "1,2";
				TEST_HOST = "$(BUILT_PRODUCTS_DIR)/Note.app/Note";
			};
			name = Release;
		};
/* End XCBuildConfiguration section */

/* Begin XCConfigurationList section */
		648742242052D4A1005838CA /* Build configuration list for PBXProject "Note" */ = {
			isa = XCConfigurationList;
			buildConfigurations = (
				648742472052D4A2005838CA /* Debug */,
				648742482052D4A2005838CA /* Release */,
			);
			defaultConfigurationIsVisible = 0;
			defaultConfigurationName = Release;
		};
		648742492052D4A2005838CA /* Build configuration list for PBXNativeTarget "Note" */ = {
			isa = XCConfigurationList;
			buildConfigurations = (
				6487424A2052D4A2005838CA /* Debug */,
				6487424B2052D4A2005838CA /* Release */,
			);
			defaultConfigurationIsVisible = 0;
			defaultConfigurationName = Release;
		};
		6487424C2052D4A2005838CA /* Build configuration list for PBXNativeTarget "NoteTests" */ = {
			isa = XCConfigurationList;
			buildConfigurations = (
				6487424D2052D4A2005838CA /* Debug */,
				6487424E2052D4A2005838CA /* Release */,
			);
			defaultConfigurationIsVisible = 0;
			defaultConfigurationName = Release;
		};
/* End XCConfigurationList section */

/* Begin XCVersionGroup section */
		648742332052D4A2005838CA /* Note.xcdatamodeld */ = {
			isa = XCVersionGroup;
			children = (
				648742342052D4A2005838CA /* Note.xcdatamodel */,
			);
			currentVersion = 648742342052D4A2005838CA /* Note.xcdatamodel */;
			path = Note.xcdatamodeld;
			sourceTree = "<group>";
			versionGroupType = wrapper.xcdatamodel;
		};
/* End XCVersionGroup section */
	};
	rootObject = 648742212052D4A1005838CA /* Project object */;
}
